
Microsoft Visual Studio Solution File, Format Version 12.00
# Visual Studio Version 17
VisualStudioVersion = 17.9.34607.119
MinimumVisualStudioVersion = 10.0.40219.1
Project("{FAE04EC0-301F-11D3-BF4B-00C04F79EFBC}") = "webapi", "webapi.csproj", "{179F5635-0715-4FAA-B88B-B35A9BA1F0BB}"
EndProject
Global
	GlobalSection(SolutionConfigurationPlatforms) = preSolution
		Debug|Any CPU = Debug|Any CPU
		Release|Any CPU = Release|Any CPU
	EndGlobalSection
	GlobalSection(ProjectConfigurationPlatforms) = postSolution
		{179F5635-0715-4FAA-B88B-B35A9BA1F0BB}.Debug|Any CPU.ActiveCfg = Debug|Any CPU
		{179F5635-0715-4FAA-B88B-B35A9BA1F0BB}.Debug|Any CPU.Build.0 = Debug|Any CPU
		{179F5635-0715-4FAA-B88B-B35A9BA1F0BB}.Release|Any CPU.ActiveCfg = Release|Any CPU
		{179F5635-0715-4FAA-B88B-B35A9BA1F0BB}.Release|Any CPU.Build.0 = Release|Any CPU
	EndGlobalSection
	GlobalSection(SolutionProperties) = preSolution
		HideSolutionNode = FALSE
	EndGlobalSection
	GlobalSection(ExtensibilityGlobals) = postSolution
		SolutionGuid = {4EA7EFF7-3730-47CC-8F8D-F4B59D470A72}
	EndGlobalSection
EndGlobal
